
Microsoft Visual Studio Solution File, Format Version 12.00
# Visual Studio 15
VisualStudioVersion = 15.0.26403.3
MinimumVisualStudioVersion = 10.0.40219.1
Project("{FAE04EC0-301F-11D3-BF4B-00C04F79EFBC}") = "SqlServer", "Src\SqlServer\SqlServer.csproj", "{9C18D77B-D33E-4D5E-B44B-DBF82B9726D4}"
EndProject
Project("{2150E333-8FDC-42A3-9474-1A3956D46DE8}") = "Src", "Src", "{3386B008-3FA8-43BA-95AE-8E3AC9B45994}"
EndProject
Project("{D954291E-2A0B-460D-934E-DC6B0785DB48}") = "Common", "Src\Common\Common.shproj", "{C87BF302-A142-438E-93D7-51EAB7F2C377}"
EndProject
Project("{2150E333-8FDC-42A3-9474-1A3956D46DE8}") = "Test", "Test", "{A50066B3-982F-45A5-BA11-ED2C8F6E14C2}"
EndProject
Project("{FAE04EC0-301F-11D3-BF4B-00C04F79EFBC}") = "SqlServer", "Test\SqlServer\SqlServer.csproj", "{F63108D4-A298-44B4-86AE-3AAB86AAB876}"
EndProject
Project("{FAE04EC0-301F-11D3-BF4B-00C04F79EFBC}") = "Oracle", "Src\Oracle\Oracle.csproj", "{81281DDB-CE7D-4D4E-8122-A2A20E792C3E}"
EndProject
Project("{FAE04EC0-301F-11D3-BF4B-00C04F79EFBC}") = "Oracle", "Test\Oracle\Oracle.csproj", "{B2CE2E4E-2BFA-46C7-B53A-50987E736F79}"
EndProject
Project("{FAE04EC0-301F-11D3-BF4B-00C04F79EFBC}") = "SqlServer.Clr", "Src\SqlServer.Clr\SqlServer.Clr.csproj", "{7555398B-C167-4D8A-A3AC-282825FB70E5}"
EndProject
Project("{FAE04EC0-301F-11D3-BF4B-00C04F79EFBC}") = "SqlServerClr", "Test\SqlServer.Clr\SqlServerClr.csproj", "{65B3C4FE-0255-4128-81F4-D12E460C7736}"
EndProject
Project("{2150E333-8FDC-42A3-9474-1A3956D46DE8}") = "Solution Items", "Solution Items", "{6C95A18A-6163-4B25-832A-C5F6E82C1F45}"
	ProjectSection(SolutionItems) = preProject
		ReadMe.md = ReadMe.md
	EndProjectSection
EndProject
Project("{FAE04EC0-301F-11D3-BF4B-00C04F79EFBC}") = "Sqlite.NET4", "Src\Sqlite.NET4\Sqlite.NET4.csproj", "{382F072E-E3C3-4EA2-839B-A7251C77F464}"
EndProject
Project("{FAE04EC0-301F-11D3-BF4B-00C04F79EFBC}") = "Sqlite", "Test\Sqlite\Sqlite.csproj", "{DA5A3B3E-E8EF-45A9-AFA8-AB7AEDA62312}"
EndProject
Project("{9A19103F-16F7-4668-BE54-9A1E7A4F7556}") = "Core", "Src\Core\Core.csproj", "{F3274495-2DD2-4532-9D40-D8651BB9E52E}"
EndProject
Project("{9A19103F-16F7-4668-BE54-9A1E7A4F7556}") = "Core.Tests", "Test\Core\Core.Tests.csproj", "{A27A9131-C331-4B20-96E6-1EFCA38AEE90}"
EndProject
Project("{2150E333-8FDC-42A3-9474-1A3956D46DE8}") = "Tools", "Tools", "{DF85A84E-DBF1-40BC-8B15-B9FD91F509A5}"
EndProject
Project("{9A19103F-16F7-4668-BE54-9A1E7A4F7556}") = "Generator.Tools", "Tools\Generator.Tools\Generator.Tools.csproj", "{51A3ABB1-7522-453D-9204-697D51BC0383}"
EndProject
Project("{FAE04EC0-301F-11D3-BF4B-00C04F79EFBC}") = "Tools.Generator.Tests", "Test\Tools.Generator.Tests\Tools.Generator.Tests.csproj", "{BFF7F4AD-9E50-466F-A8AC-5D486ABE3CB3}"
EndProject
Global
	GlobalSection(SharedMSBuildProjectFiles) = preSolution
		Src\Common\Common.projitems*{382f072e-e3c3-4ea2-839b-a7251c77f464}*SharedItemsImports = 4
		Src\Common\Common.projitems*{7555398b-c167-4d8a-a3ac-282825fb70e5}*SharedItemsImports = 4
		Src\Common\Common.projitems*{81281ddb-ce7d-4d4e-8122-a2a20e792c3e}*SharedItemsImports = 4
		Src\Common\Common.projitems*{9c18d77b-d33e-4d5e-b44b-dbf82b9726d4}*SharedItemsImports = 4
		Src\Common\Common.projitems*{c87bf302-a142-438e-93d7-51eab7f2c377}*SharedItemsImports = 13
	EndGlobalSection
	GlobalSection(SolutionConfigurationPlatforms) = preSolution
		Debug|Any CPU = Debug|Any CPU
		Debug|ARM = Debug|ARM
		Debug|x64 = Debug|x64
		Debug|x86 = Debug|x86
		Release|Any CPU = Release|Any CPU
		Release|ARM = Release|ARM
		Release|x64 = Release|x64
		Release|x86 = Release|x86
	EndGlobalSection
	GlobalSection(ProjectConfigurationPlatforms) = postSolution
		{9C18D77B-D33E-4D5E-B44B-DBF82B9726D4}.Debug|Any CPU.ActiveCfg = Debug|Any CPU
		{9C18D77B-D33E-4D5E-B44B-DBF82B9726D4}.Debug|Any CPU.Build.0 = Debug|Any CPU
		{9C18D77B-D33E-4D5E-B44B-DBF82B9726D4}.Debug|ARM.ActiveCfg = Debug|Any CPU
		{9C18D77B-D33E-4D5E-B44B-DBF82B9726D4}.Debug|ARM.Build.0 = Debug|Any CPU
		{9C18D77B-D33E-4D5E-B44B-DBF82B9726D4}.Debug|x64.ActiveCfg = Debug|Any CPU
		{9C18D77B-D33E-4D5E-B44B-DBF82B9726D4}.Debug|x64.Build.0 = Debug|Any CPU
		{9C18D77B-D33E-4D5E-B44B-DBF82B9726D4}.Debug|x86.ActiveCfg = Debug|Any CPU
		{9C18D77B-D33E-4D5E-B44B-DBF82B9726D4}.Debug|x86.Build.0 = Debug|Any CPU
		{9C18D77B-D33E-4D5E-B44B-DBF82B9726D4}.Release|Any CPU.ActiveCfg = Release|Any CPU
		{9C18D77B-D33E-4D5E-B44B-DBF82B9726D4}.Release|Any CPU.Build.0 = Release|Any CPU
		{9C18D77B-D33E-4D5E-B44B-DBF82B9726D4}.Release|ARM.ActiveCfg = Release|Any CPU
		{9C18D77B-D33E-4D5E-B44B-DBF82B9726D4}.Release|ARM.Build.0 = Release|Any CPU
		{9C18D77B-D33E-4D5E-B44B-DBF82B9726D4}.Release|x64.ActiveCfg = Release|Any CPU
		{9C18D77B-D33E-4D5E-B44B-DBF82B9726D4}.Release|x64.Build.0 = Release|Any CPU
		{9C18D77B-D33E-4D5E-B44B-DBF82B9726D4}.Release|x86.ActiveCfg = Release|Any CPU
		{9C18D77B-D33E-4D5E-B44B-DBF82B9726D4}.Release|x86.Build.0 = Release|Any CPU
		{F63108D4-A298-44B4-86AE-3AAB86AAB876}.Debug|Any CPU.ActiveCfg = Debug|Any CPU
		{F63108D4-A298-44B4-86AE-3AAB86AAB876}.Debug|Any CPU.Build.0 = Debug|Any CPU
		{F63108D4-A298-44B4-86AE-3AAB86AAB876}.Debug|ARM.ActiveCfg = Debug|Any CPU
		{F63108D4-A298-44B4-86AE-3AAB86AAB876}.Debug|ARM.Build.0 = Debug|Any CPU
		{F63108D4-A298-44B4-86AE-3AAB86AAB876}.Debug|x64.ActiveCfg = Debug|Any CPU
		{F63108D4-A298-44B4-86AE-3AAB86AAB876}.Debug|x64.Build.0 = Debug|Any CPU
		{F63108D4-A298-44B4-86AE-3AAB86AAB876}.Debug|x86.ActiveCfg = Debug|Any CPU
		{F63108D4-A298-44B4-86AE-3AAB86AAB876}.Debug|x86.Build.0 = Debug|Any CPU
		{F63108D4-A298-44B4-86AE-3AAB86AAB876}.Release|Any CPU.ActiveCfg = Release|Any CPU
		{F63108D4-A298-44B4-86AE-3AAB86AAB876}.Release|Any CPU.Build.0 = Release|Any CPU
		{F63108D4-A298-44B4-86AE-3AAB86AAB876}.Release|ARM.ActiveCfg = Release|Any CPU
		{F63108D4-A298-44B4-86AE-3AAB86AAB876}.Release|ARM.Build.0 = Release|Any CPU
		{F63108D4-A298-44B4-86AE-3AAB86AAB876}.Release|x64.ActiveCfg = Release|Any CPU
		{F63108D4-A298-44B4-86AE-3AAB86AAB876}.Release|x64.Build.0 = Release|Any CPU
		{F63108D4-A298-44B4-86AE-3AAB86AAB876}.Release|x86.ActiveCfg = Release|Any CPU
		{F63108D4-A298-44B4-86AE-3AAB86AAB876}.Release|x86.Build.0 = Release|Any CPU
		{81281DDB-CE7D-4D4E-8122-A2A20E792C3E}.Debug|Any CPU.ActiveCfg = Debug|Any CPU
		{81281DDB-CE7D-4D4E-8122-A2A20E792C3E}.Debug|Any CPU.Build.0 = Debug|Any CPU
		{81281DDB-CE7D-4D4E-8122-A2A20E792C3E}.Debug|ARM.ActiveCfg = Debug|Any CPU
		{81281DDB-CE7D-4D4E-8122-A2A20E792C3E}.Debug|ARM.Build.0 = Debug|Any CPU
		{81281DDB-CE7D-4D4E-8122-A2A20E792C3E}.Debug|x64.ActiveCfg = Debug|Any CPU
		{81281DDB-CE7D-4D4E-8122-A2A20E792C3E}.Debug|x64.Build.0 = Debug|Any CPU
		{81281DDB-CE7D-4D4E-8122-A2A20E792C3E}.Debug|x86.ActiveCfg = Debug|Any CPU
		{81281DDB-CE7D-4D4E-8122-A2A20E792C3E}.Debug|x86.Build.0 = Debug|Any CPU
		{81281DDB-CE7D-4D4E-8122-A2A20E792C3E}.Release|Any CPU.ActiveCfg = Release|Any CPU
		{81281DDB-CE7D-4D4E-8122-A2A20E792C3E}.Release|Any CPU.Build.0 = Release|Any CPU
		{81281DDB-CE7D-4D4E-8122-A2A20E792C3E}.Release|ARM.ActiveCfg = Release|Any CPU
		{81281DDB-CE7D-4D4E-8122-A2A20E792C3E}.Release|ARM.Build.0 = Release|Any CPU
		{81281DDB-CE7D-4D4E-8122-A2A20E792C3E}.Release|x64.ActiveCfg = Release|Any CPU
		{81281DDB-CE7D-4D4E-8122-A2A20E792C3E}.Release|x64.Build.0 = Release|Any CPU
		{81281DDB-CE7D-4D4E-8122-A2A20E792C3E}.Release|x86.ActiveCfg = Release|Any CPU
		{81281DDB-CE7D-4D4E-8122-A2A20E792C3E}.Release|x86.Build.0 = Release|Any CPU
		{B2CE2E4E-2BFA-46C7-B53A-50987E736F79}.Debug|Any CPU.ActiveCfg = Debug|Any CPU
		{B2CE2E4E-2BFA-46C7-B53A-50987E736F79}.Debug|Any CPU.Build.0 = Debug|Any CPU
		{B2CE2E4E-2BFA-46C7-B53A-50987E736F79}.Debug|ARM.ActiveCfg = Debug|Any CPU
		{B2CE2E4E-2BFA-46C7-B53A-50987E736F79}.Debug|ARM.Build.0 = Debug|Any CPU
		{B2CE2E4E-2BFA-46C7-B53A-50987E736F79}.Debug|x64.ActiveCfg = Debug|Any CPU
		{B2CE2E4E-2BFA-46C7-B53A-50987E736F79}.Debug|x64.Build.0 = Debug|Any CPU
		{B2CE2E4E-2BFA-46C7-B53A-50987E736F79}.Debug|x86.ActiveCfg = Debug|Any CPU
		{B2CE2E4E-2BFA-46C7-B53A-50987E736F79}.Debug|x86.Build.0 = Debug|Any CPU
		{B2CE2E4E-2BFA-46C7-B53A-50987E736F79}.Release|Any CPU.ActiveCfg = Release|Any CPU
		{B2CE2E4E-2BFA-46C7-B53A-50987E736F79}.Release|Any CPU.Build.0 = Release|Any CPU
		{B2CE2E4E-2BFA-46C7-B53A-50987E736F79}.Release|ARM.ActiveCfg = Release|Any CPU
		{B2CE2E4E-2BFA-46C7-B53A-50987E736F79}.Release|ARM.Build.0 = Release|Any CPU
		{B2CE2E4E-2BFA-46C7-B53A-50987E736F79}.Release|x64.ActiveCfg = Release|Any CPU
		{B2CE2E4E-2BFA-46C7-B53A-50987E736F79}.Release|x64.Build.0 = Release|Any CPU
		{B2CE2E4E-2BFA-46C7-B53A-50987E736F79}.Release|x86.ActiveCfg = Release|Any CPU
		{B2CE2E4E-2BFA-46C7-B53A-50987E736F79}.Release|x86.Build.0 = Release|Any CPU
		{7555398B-C167-4D8A-A3AC-282825FB70E5}.Debug|Any CPU.ActiveCfg = Debug|Any CPU
		{7555398B-C167-4D8A-A3AC-282825FB70E5}.Debug|Any CPU.Build.0 = Debug|Any CPU
		{7555398B-C167-4D8A-A3AC-282825FB70E5}.Debug|ARM.ActiveCfg = Debug|Any CPU
		{7555398B-C167-4D8A-A3AC-282825FB70E5}.Debug|ARM.Build.0 = Debug|Any CPU
		{7555398B-C167-4D8A-A3AC-282825FB70E5}.Debug|x64.ActiveCfg = Debug|Any CPU
		{7555398B-C167-4D8A-A3AC-282825FB70E5}.Debug|x64.Build.0 = Debug|Any CPU
		{7555398B-C167-4D8A-A3AC-282825FB70E5}.Debug|x86.ActiveCfg = Debug|Any CPU
		{7555398B-C167-4D8A-A3AC-282825FB70E5}.Debug|x86.Build.0 = Debug|Any CPU
		{7555398B-C167-4D8A-A3AC-282825FB70E5}.Release|Any CPU.ActiveCfg = Release|Any CPU
		{7555398B-C167-4D8A-A3AC-282825FB70E5}.Release|Any CPU.Build.0 = Release|Any CPU
		{7555398B-C167-4D8A-A3AC-282825FB70E5}.Release|ARM.ActiveCfg = Release|Any CPU
		{7555398B-C167-4D8A-A3AC-282825FB70E5}.Release|ARM.Build.0 = Release|Any CPU
		{7555398B-C167-4D8A-A3AC-282825FB70E5}.Release|x64.ActiveCfg = Release|Any CPU
		{7555398B-C167-4D8A-A3AC-282825FB70E5}.Release|x64.Build.0 = Release|Any CPU
		{7555398B-C167-4D8A-A3AC-282825FB70E5}.Release|x86.ActiveCfg = Release|Any CPU
		{7555398B-C167-4D8A-A3AC-282825FB70E5}.Release|x86.Build.0 = Release|Any CPU
		{65B3C4FE-0255-4128-81F4-D12E460C7736}.Debug|Any CPU.ActiveCfg = Debug|Any CPU
		{65B3C4FE-0255-4128-81F4-D12E460C7736}.Debug|Any CPU.Build.0 = Debug|Any CPU
		{65B3C4FE-0255-4128-81F4-D12E460C7736}.Debug|ARM.ActiveCfg = Debug|Any CPU
		{65B3C4FE-0255-4128-81F4-D12E460C7736}.Debug|ARM.Build.0 = Debug|Any CPU
		{65B3C4FE-0255-4128-81F4-D12E460C7736}.Debug|x64.ActiveCfg = Debug|Any CPU
		{65B3C4FE-0255-4128-81F4-D12E460C7736}.Debug|x64.Build.0 = Debug|Any CPU
		{65B3C4FE-0255-4128-81F4-D12E460C7736}.Debug|x86.ActiveCfg = Debug|Any CPU
		{65B3C4FE-0255-4128-81F4-D12E460C7736}.Debug|x86.Build.0 = Debug|Any CPU
		{65B3C4FE-0255-4128-81F4-D12E460C7736}.Release|Any CPU.ActiveCfg = Release|Any CPU
		{65B3C4FE-0255-4128-81F4-D12E460C7736}.Release|Any CPU.Build.0 = Release|Any CPU
		{65B3C4FE-0255-4128-81F4-D12E460C7736}.Release|ARM.ActiveCfg = Release|Any CPU
		{65B3C4FE-0255-4128-81F4-D12E460C7736}.Release|ARM.Build.0 = Release|Any CPU
		{65B3C4FE-0255-4128-81F4-D12E460C7736}.Release|x64.ActiveCfg = Release|Any CPU
		{65B3C4FE-0255-4128-81F4-D12E460C7736}.Release|x64.Build.0 = Release|Any CPU
		{65B3C4FE-0255-4128-81F4-D12E460C7736}.Release|x86.ActiveCfg = Release|Any CPU
		{65B3C4FE-0255-4128-81F4-D12E460C7736}.Release|x86.Build.0 = Release|Any CPU
		{382F072E-E3C3-4EA2-839B-A7251C77F464}.Debug|Any CPU.ActiveCfg = Debug|Any CPU
		{382F072E-E3C3-4EA2-839B-A7251C77F464}.Debug|Any CPU.Build.0 = Debug|Any CPU
		{382F072E-E3C3-4EA2-839B-A7251C77F464}.Debug|ARM.ActiveCfg = Debug|Any CPU
		{382F072E-E3C3-4EA2-839B-A7251C77F464}.Debug|ARM.Build.0 = Debug|Any CPU
		{382F072E-E3C3-4EA2-839B-A7251C77F464}.Debug|x64.ActiveCfg = Debug|Any CPU
		{382F072E-E3C3-4EA2-839B-A7251C77F464}.Debug|x64.Build.0 = Debug|Any CPU
		{382F072E-E3C3-4EA2-839B-A7251C77F464}.Debug|x86.ActiveCfg = Debug|Any CPU
		{382F072E-E3C3-4EA2-839B-A7251C77F464}.Debug|x86.Build.0 = Debug|Any CPU
		{382F072E-E3C3-4EA2-839B-A7251C77F464}.Release|Any CPU.ActiveCfg = Release|Any CPU
		{382F072E-E3C3-4EA2-839B-A7251C77F464}.Release|Any CPU.Build.0 = Release|Any CPU
		{382F072E-E3C3-4EA2-839B-A7251C77F464}.Release|ARM.ActiveCfg = Release|Any CPU
		{382F072E-E3C3-4EA2-839B-A7251C77F464}.Release|ARM.Build.0 = Release|Any CPU
		{382F072E-E3C3-4EA2-839B-A7251C77F464}.Release|x64.ActiveCfg = Release|Any CPU
		{382F072E-E3C3-4EA2-839B-A7251C77F464}.Release|x64.Build.0 = Release|Any CPU
		{382F072E-E3C3-4EA2-839B-A7251C77F464}.Release|x86.ActiveCfg = Release|Any CPU
		{382F072E-E3C3-4EA2-839B-A7251C77F464}.Release|x86.Build.0 = Release|Any CPU
		{DA5A3B3E-E8EF-45A9-AFA8-AB7AEDA62312}.Debug|Any CPU.ActiveCfg = Debug|Any CPU
		{DA5A3B3E-E8EF-45A9-AFA8-AB7AEDA62312}.Debug|Any CPU.Build.0 = Debug|Any CPU
		{DA5A3B3E-E8EF-45A9-AFA8-AB7AEDA62312}.Debug|ARM.ActiveCfg = Debug|Any CPU
		{DA5A3B3E-E8EF-45A9-AFA8-AB7AEDA62312}.Debug|ARM.Build.0 = Debug|Any CPU
		{DA5A3B3E-E8EF-45A9-AFA8-AB7AEDA62312}.Debug|x64.ActiveCfg = Debug|Any CPU
		{DA5A3B3E-E8EF-45A9-AFA8-AB7AEDA62312}.Debug|x64.Build.0 = Debug|Any CPU
		{DA5A3B3E-E8EF-45A9-AFA8-AB7AEDA62312}.Debug|x86.ActiveCfg = Debug|Any CPU
		{DA5A3B3E-E8EF-45A9-AFA8-AB7AEDA62312}.Debug|x86.Build.0 = Debug|Any CPU
		{DA5A3B3E-E8EF-45A9-AFA8-AB7AEDA62312}.Release|Any CPU.ActiveCfg = Release|Any CPU
		{DA5A3B3E-E8EF-45A9-AFA8-AB7AEDA62312}.Release|Any CPU.Build.0 = Release|Any CPU
		{DA5A3B3E-E8EF-45A9-AFA8-AB7AEDA62312}.Release|ARM.ActiveCfg = Release|Any CPU
		{DA5A3B3E-E8EF-45A9-AFA8-AB7AEDA62312}.Release|ARM.Build.0 = Release|Any CPU
		{DA5A3B3E-E8EF-45A9-AFA8-AB7AEDA62312}.Release|x64.ActiveCfg = Release|Any CPU
		{DA5A3B3E-E8EF-45A9-AFA8-AB7AEDA62312}.Release|x64.Build.0 = Release|Any CPU
		{DA5A3B3E-E8EF-45A9-AFA8-AB7AEDA62312}.Release|x86.ActiveCfg = Release|Any CPU
		{DA5A3B3E-E8EF-45A9-AFA8-AB7AEDA62312}.Release|x86.Build.0 = Release|Any CPU
		{F3274495-2DD2-4532-9D40-D8651BB9E52E}.Debug|Any CPU.ActiveCfg = Debug|Any CPU
		{F3274495-2DD2-4532-9D40-D8651BB9E52E}.Debug|Any CPU.Build.0 = Debug|Any CPU
		{F3274495-2DD2-4532-9D40-D8651BB9E52E}.Debug|ARM.ActiveCfg = Debug|Any CPU
		{F3274495-2DD2-4532-9D40-D8651BB9E52E}.Debug|ARM.Build.0 = Debug|Any CPU
		{F3274495-2DD2-4532-9D40-D8651BB9E52E}.Debug|x64.ActiveCfg = Debug|Any CPU
		{F3274495-2DD2-4532-9D40-D8651BB9E52E}.Debug|x64.Build.0 = Debug|Any CPU
		{F3274495-2DD2-4532-9D40-D8651BB9E52E}.Debug|x86.ActiveCfg = Debug|Any CPU
		{F3274495-2DD2-4532-9D40-D8651BB9E52E}.Debug|x86.Build.0 = Debug|Any CPU
		{F3274495-2DD2-4532-9D40-D8651BB9E52E}.Release|Any CPU.ActiveCfg = Release|Any CPU
		{F3274495-2DD2-4532-9D40-D8651BB9E52E}.Release|Any CPU.Build.0 = Release|Any CPU
		{F3274495-2DD2-4532-9D40-D8651BB9E52E}.Release|ARM.ActiveCfg = Release|Any CPU
		{F3274495-2DD2-4532-9D40-D8651BB9E52E}.Release|ARM.Build.0 = Release|Any CPU
		{F3274495-2DD2-4532-9D40-D8651BB9E52E}.Release|x64.ActiveCfg = Release|Any CPU
		{F3274495-2DD2-4532-9D40-D8651BB9E52E}.Release|x64.Build.0 = Release|Any CPU
		{F3274495-2DD2-4532-9D40-D8651BB9E52E}.Release|x86.ActiveCfg = Release|Any CPU
		{F3274495-2DD2-4532-9D40-D8651BB9E52E}.Release|x86.Build.0 = Release|Any CPU
		{A27A9131-C331-4B20-96E6-1EFCA38AEE90}.Debug|Any CPU.ActiveCfg = Debug|Any CPU
		{A27A9131-C331-4B20-96E6-1EFCA38AEE90}.Debug|Any CPU.Build.0 = Debug|Any CPU
		{A27A9131-C331-4B20-96E6-1EFCA38AEE90}.Debug|ARM.ActiveCfg = Debug|Any CPU
		{A27A9131-C331-4B20-96E6-1EFCA38AEE90}.Debug|ARM.Build.0 = Debug|Any CPU
		{A27A9131-C331-4B20-96E6-1EFCA38AEE90}.Debug|x64.ActiveCfg = Debug|Any CPU
		{A27A9131-C331-4B20-96E6-1EFCA38AEE90}.Debug|x64.Build.0 = Debug|Any CPU
		{A27A9131-C331-4B20-96E6-1EFCA38AEE90}.Debug|x86.ActiveCfg = Debug|Any CPU
		{A27A9131-C331-4B20-96E6-1EFCA38AEE90}.Debug|x86.Build.0 = Debug|Any CPU
		{A27A9131-C331-4B20-96E6-1EFCA38AEE90}.Release|Any CPU.ActiveCfg = Release|Any CPU
		{A27A9131-C331-4B20-96E6-1EFCA38AEE90}.Release|Any CPU.Build.0 = Release|Any CPU
		{A27A9131-C331-4B20-96E6-1EFCA38AEE90}.Release|ARM.ActiveCfg = Release|Any CPU
		{A27A9131-C331-4B20-96E6-1EFCA38AEE90}.Release|ARM.Build.0 = Release|Any CPU
		{A27A9131-C331-4B20-96E6-1EFCA38AEE90}.Release|x64.ActiveCfg = Release|Any CPU
		{A27A9131-C331-4B20-96E6-1EFCA38AEE90}.Release|x64.Build.0 = Release|Any CPU
		{A27A9131-C331-4B20-96E6-1EFCA38AEE90}.Release|x86.ActiveCfg = Release|Any CPU
		{A27A9131-C331-4B20-96E6-1EFCA38AEE90}.Release|x86.Build.0 = Release|Any CPU
		{51A3ABB1-7522-453D-9204-697D51BC0383}.Debug|Any CPU.ActiveCfg = Debug|Any CPU
		{51A3ABB1-7522-453D-9204-697D51BC0383}.Debug|Any CPU.Build.0 = Debug|Any CPU
		{51A3ABB1-7522-453D-9204-697D51BC0383}.Debug|ARM.ActiveCfg = Debug|Any CPU
		{51A3ABB1-7522-453D-9204-697D51BC0383}.Debug|ARM.Build.0 = Debug|Any CPU
		{51A3ABB1-7522-453D-9204-697D51BC0383}.Debug|x64.ActiveCfg = Debug|Any CPU
		{51A3ABB1-7522-453D-9204-697D51BC0383}.Debug|x64.Build.0 = Debug|Any CPU
		{51A3ABB1-7522-453D-9204-697D51BC0383}.Debug|x86.ActiveCfg = Debug|Any CPU
		{51A3ABB1-7522-453D-9204-697D51BC0383}.Debug|x86.Build.0 = Debug|Any CPU
		{51A3ABB1-7522-453D-9204-697D51BC0383}.Release|Any CPU.ActiveCfg = Release|Any CPU
		{51A3ABB1-7522-453D-9204-697D51BC0383}.Release|Any CPU.Build.0 = Release|Any CPU
		{51A3ABB1-7522-453D-9204-697D51BC0383}.Release|ARM.ActiveCfg = Release|Any CPU
		{51A3ABB1-7522-453D-9204-697D51BC0383}.Release|ARM.Build.0 = Release|Any CPU
		{51A3ABB1-7522-453D-9204-697D51BC0383}.Release|x64.ActiveCfg = Release|Any CPU
		{51A3ABB1-7522-453D-9204-697D51BC0383}.Release|x64.Build.0 = Release|Any CPU
		{51A3ABB1-7522-453D-9204-697D51BC0383}.Release|x86.ActiveCfg = Release|Any CPU
		{51A3ABB1-7522-453D-9204-697D51BC0383}.Release|x86.Build.0 = Release|Any CPU
		{BFF7F4AD-9E50-466F-A8AC-5D486ABE3CB3}.Debug|Any CPU.ActiveCfg = Debug|Any CPU
		{BFF7F4AD-9E50-466F-A8AC-5D486ABE3CB3}.Debug|Any CPU.Build.0 = Debug|Any CPU
		{BFF7F4AD-9E50-466F-A8AC-5D486ABE3CB3}.Debug|ARM.ActiveCfg = Debug|Any CPU
		{BFF7F4AD-9E50-466F-A8AC-5D486ABE3CB3}.Debug|ARM.Build.0 = Debug|Any CPU
		{BFF7F4AD-9E50-466F-A8AC-5D486ABE3CB3}.Debug|x64.ActiveCfg = Debug|Any CPU
		{BFF7F4AD-9E50-466F-A8AC-5D486ABE3CB3}.Debug|x64.Build.0 = Debug|Any CPU
		{BFF7F4AD-9E50-466F-A8AC-5D486ABE3CB3}.Debug|x86.ActiveCfg = Debug|Any CPU
		{BFF7F4AD-9E50-466F-A8AC-5D486ABE3CB3}.Debug|x86.Build.0 = Debug|Any CPU
		{BFF7F4AD-9E50-466F-A8AC-5D486ABE3CB3}.Release|Any CPU.ActiveCfg = Release|Any CPU
		{BFF7F4AD-9E50-466F-A8AC-5D486ABE3CB3}.Release|Any CPU.Build.0 = Release|Any CPU
		{BFF7F4AD-9E50-466F-A8AC-5D486ABE3CB3}.Release|ARM.ActiveCfg = Release|Any CPU
		{BFF7F4AD-9E50-466F-A8AC-5D486ABE3CB3}.Release|ARM.Build.0 = Release|Any CPU
		{BFF7F4AD-9E50-466F-A8AC-5D486ABE3CB3}.Release|x64.ActiveCfg = Release|Any CPU
		{BFF7F4AD-9E50-466F-A8AC-5D486ABE3CB3}.Release|x64.Build.0 = Release|Any CPU
		{BFF7F4AD-9E50-466F-A8AC-5D486ABE3CB3}.Release|x86.ActiveCfg = Release|Any CPU
		{BFF7F4AD-9E50-466F-A8AC-5D486ABE3CB3}.Release|x86.Build.0 = Release|Any CPU
	EndGlobalSection
	GlobalSection(SolutionProperties) = preSolution
		HideSolutionNode = FALSE
	EndGlobalSection
	GlobalSection(NestedProjects) = preSolution
		{9C18D77B-D33E-4D5E-B44B-DBF82B9726D4} = {3386B008-3FA8-43BA-95AE-8E3AC9B45994}
		{C87BF302-A142-438E-93D7-51EAB7F2C377} = {3386B008-3FA8-43BA-95AE-8E3AC9B45994}
		{F63108D4-A298-44B4-86AE-3AAB86AAB876} = {A50066B3-982F-45A5-BA11-ED2C8F6E14C2}
		{81281DDB-CE7D-4D4E-8122-A2A20E792C3E} = {3386B008-3FA8-43BA-95AE-8E3AC9B45994}
		{B2CE2E4E-2BFA-46C7-B53A-50987E736F79} = {A50066B3-982F-45A5-BA11-ED2C8F6E14C2}
		{7555398B-C167-4D8A-A3AC-282825FB70E5} = {3386B008-3FA8-43BA-95AE-8E3AC9B45994}
		{65B3C4FE-0255-4128-81F4-D12E460C7736} = {A50066B3-982F-45A5-BA11-ED2C8F6E14C2}
		{382F072E-E3C3-4EA2-839B-A7251C77F464} = {3386B008-3FA8-43BA-95AE-8E3AC9B45994}
		{DA5A3B3E-E8EF-45A9-AFA8-AB7AEDA62312} = {A50066B3-982F-45A5-BA11-ED2C8F6E14C2}
		{F3274495-2DD2-4532-9D40-D8651BB9E52E} = {3386B008-3FA8-43BA-95AE-8E3AC9B45994}
		{A27A9131-C331-4B20-96E6-1EFCA38AEE90} = {A50066B3-982F-45A5-BA11-ED2C8F6E14C2}
		{51A3ABB1-7522-453D-9204-697D51BC0383} = {DF85A84E-DBF1-40BC-8B15-B9FD91F509A5}
		{BFF7F4AD-9E50-466F-A8AC-5D486ABE3CB3} = {A50066B3-982F-45A5-BA11-ED2C8F6E14C2}
	EndGlobalSection
	GlobalSection(ExtensibilityGlobals) = postSolution
		SolutionGuid = {2DFF3338-FA78-41AB-90D7-25CC779F2267}
	EndGlobalSection
EndGlobal
